Microsoft Visual Studio Solution File, Format Version 12.00
# Visual Studio Express 2012 for Windows Desktop
Project("{8BC9CEB8-8B4A-11D0-8D11-00A0C91BC942}") = "Torsion", "Torsion.vcxproj", "{6A1EC3A9-9AB3-4F16-B983-0145510FD809}"
EndProject
Project("{8BC9CEB8-8B4A-11D0-8D11-00A0C91BC942}") = "stc", "..\wxWidgets\contrib\build\stc\stc.vcxproj", "{92FB9898-F36D-47A6-8BFE-6770C5FA4682}"
EndProject
Global
	GlobalSection(SolutionConfigurationPlatforms) = preSolution
		Debug|Win32 = Debug|Win32
		DLL Debug|Win32 = DLL Debug|Win32
		DLL Release|Win32 = DLL Release|Win32
		DLL Unicode Debug|Win32 = DLL Unicode Debug|Win32
		DLL Unicode Release|Win32 = DLL Unicode Release|Win32
		DLL Universal Debug|Win32 = DLL Universal Debug|Win32
		DLL Universal Release|Win32 = DLL Universal Release|Win32
		DLL Universal Unicode Debug|Win32 = DLL Universal Unicode Debug|Win32
		DLL Universal Unicode Release|Win32 = DLL Universal Unicode Release|Win32
		Release|Win32 = Release|Win32
		Unicode Debug|Win32 = Unicode Debug|Win32
		Unicode Release|Win32 = Unicode Release|Win32
		Universal Debug|Win32 = Universal Debug|Win32
		Universal Release|Win32 = Universal Release|Win32
		Universal Unicode Debug|Win32 = Universal Unicode Debug|Win32
		Universal Unicode Release|Win32 = Universal Unicode Release|Win32
	EndGlobalSection
	GlobalSection(ProjectConfigurationPlatforms) = postSolution
		{6A1EC3A9-9AB3-4F16-B983-0145510FD809}.Debug|Win32.ActiveCfg = Debug|Win32
		{6A1EC3A9-9AB3-4F16-B983-0145510FD809}.Debug|Win32.Build.0 = Debug|Win32
		{6A1EC3A9-9AB3-4F16-B983-0145510FD809}.DLL Debug|Win32.ActiveCfg = Debug|Win32
		{6A1EC3A9-9AB3-4F16-B983-0145510FD809}.DLL Debug|Win32.Build.0 = Debug|Win32
		{6A1EC3A9-9AB3-4F16-B983-0145510FD809}.DLL Release|Win32.ActiveCfg = Release|Win32
		{6A1EC3A9-9AB3-4F16-B983-0145510FD809}.DLL Release|Win32.Build.0 = Release|Win32
		{6A1EC3A9-9AB3-4F16-B983-0145510FD809}.DLL Unicode Debug|Win32.ActiveCfg = Debug|Win32
		{6A1EC3A9-9AB3-4F16-B983-0145510FD809}.DLL Unicode Debug|Win32.Build.0 = Debug|Win32
		{6A1EC3A9-9AB3-4F16-B983-0145510FD809}.DLL Unicode Release|Win32.ActiveCfg = Release|Win32
		{6A1EC3A9-9AB3-4F16-B983-0145510FD809}.DLL Unicode Release|Win32.Build.0 = Release|Win32
		{6A1EC3A9-9AB3-4F16-B983-0145510FD809}.DLL Universal Debug|Win32.ActiveCfg = Debug|Win32
		{6A1EC3A9-9AB3-4F16-B983-0145510FD809}.DLL Universal Debug|Win32.Build.0 = Debug|Win32
		{6A1EC3A9-9AB3-4F16-B983-0145510FD809}.DLL Universal Release|Win32.ActiveCfg = Release|Win32
		{6A1EC3A9-9AB3-4F16-B983-0145510FD809}.DLL Universal Release|Win32.Build.0 = Release|Win32
		{6A1EC3A9-9AB3-4F16-B983-0145510FD809}.DLL Universal Unicode Debug|Win32.ActiveCfg = Debug|Win32
		{6A1EC3A9-9AB3-4F16-B983-0145510FD809}.DLL Universal Unicode Debug|Win32.Build.0 = Debug|Win32
		{6A1EC3A9-9AB3-4F16-B983-0145510FD809}.DLL Universal Unicode Release|Win32.ActiveCfg = Release|Win32
		{6A1EC3A9-9AB3-4F16-B983-0145510FD809}.DLL Universal Unicode Release|Win32.Build.0 = Release|Win32
		{6A1EC3A9-9AB3-4F16-B983-0145510FD809}.Release|Win32.ActiveCfg = Release|Win32
		{6A1EC3A9-9AB3-4F16-B983-0145510FD809}.Release|Win32.Build.0 = Release|Win32
		{6A1EC3A9-9AB3-4F16-B983-0145510FD809}.Unicode Debug|Win32.ActiveCfg = Debug|Win32
		{6A1EC3A9-9AB3-4F16-B983-0145510FD809}.Unicode Debug|Win32.Build.0 = Debug|Win32
		{6A1EC3A9-9AB3-4F16-B983-0145510FD809}.Unicode Release|Win32.ActiveCfg = Release|Win32
		{6A1EC3A9-9AB3-4F16-B983-0145510FD809}.Unicode Release|Win32.Build.0 = Release|Win32
		{6A1EC3A9-9AB3-4F16-B983-0145510FD809}.Universal Debug|Win32.ActiveCfg = Debug|Win32
		{6A1EC3A9-9AB3-4F16-B983-0145510FD809}.Universal Debug|Win32.Build.0 = Debug|Win32
		{6A1EC3A9-9AB3-4F16-B983-0145510FD809}.Universal Release|Win32.ActiveCfg = Release|Win32
		{6A1EC3A9-9AB3-4F16-B983-0145510FD809}.Universal Release|Win32.Build.0 = Release|Win32
		{6A1EC3A9-9AB3-4F16-B983-0145510FD809}.Universal Unicode Debug|Win32.ActiveCfg = Debug|Win32
		{6A1EC3A9-9AB3-4F16-B983-0145510FD809}.Universal Unicode Debug|Win32.Build.0 = Debug|Win32
		{6A1EC3A9-9AB3-4F16-B983-0145510FD809}.Universal Unicode Release|Win32.ActiveCfg = Release|Win32
		{6A1EC3A9-9AB3-4F16-B983-0145510FD809}.Universal Unicode Release|Win32.Build.0 = Release|Win32
		{92FB9898-F36D-47A6-8BFE-6770C5FA4682}.Debug|Win32.ActiveCfg = Debug|Win32
		{92FB9898-F36D-47A6-8BFE-6770C5FA4682}.Debug|Win32.Build.0 = Debug|Win32
		{92FB9898-F36D-47A6-8BFE-6770C5FA4682}.DLL Debug|Win32.ActiveCfg = DLL Debug|Win32
		{92FB9898-F36D-47A6-8BFE-6770C5FA4682}.DLL Debug|Win32.Build.0 = DLL Debug|Win32
		{92FB9898-F36D-47A6-8BFE-6770C5FA4682}.DLL Release|Win32.ActiveCfg = DLL Release|Win32
		{92FB9898-F36D-47A6-8BFE-6770C5FA4682}.DLL Release|Win32.Build.0 = DLL Release|Win32
		{92FB9898-F36D-47A6-8BFE-6770C5FA4682}.DLL Unicode Debug|Win32.ActiveCfg = DLL Unicode Debug|Win32
		{92FB9898-F36D-47A6-8BFE-6770C5FA4682}.DLL Unicode Debug|Win32.Build.0 = DLL Unicode Debug|Win32
		{92FB9898-F36D-47A6-8BFE-6770C5FA4682}.DLL Unicode Release|Win32.ActiveCfg = DLL Unicode Release|Win32
		{92FB9898-F36D-47A6-8BFE-6770C5FA4682}.DLL Unicode Release|Win32.Build.0 = DLL Unicode Release|Win32
		{92FB9898-F36D-47A6-8BFE-6770C5FA4682}.DLL Universal Debug|Win32.ActiveCfg = DLL Universal Debug|Win32
		{92FB9898-F36D-47A6-8BFE-6770C5FA4682}.DLL Universal Debug|Win32.Build.0 = DLL Universal Debug|Win32
		{92FB9898-F36D-47A6-8BFE-6770C5FA4682}.DLL Universal Release|Win32.ActiveCfg = DLL Universal Release|Win32
		{92FB9898-F36D-47A6-8BFE-6770C5FA4682}.DLL Universal Release|Win32.Build.0 = DLL Universal Release|Win32
		{92FB9898-F36D-47A6-8BFE-6770C5FA4682}.DLL Universal Unicode Debug|Win32.ActiveCfg = DLL Universal Unicode Debug|Win32
		{92FB9898-F36D-47A6-8BFE-6770C5FA4682}.DLL Universal Unicode Debug|Win32.Build.0 = DLL Universal Unicode Debug|Win32
		{92FB9898-F36D-47A6-8BFE-6770C5FA4682}.DLL Universal Unicode Release|Win32.ActiveCfg = DLL Universal Unicode Release|Win32
		{92FB9898-F36D-47A6-8BFE-6770C5FA4682}.DLL Universal Unicode Release|Win32.Build.0 = DLL Universal Unicode Release|Win32
		{92FB9898-F36D-47A6-8BFE-6770C5FA4682}.Release|Win32.ActiveCfg = Release|Win32
		{92FB9898-F36D-47A6-8BFE-6770C5FA4682}.Release|Win32.Build.0 = Release|Win32
		{92FB9898-F36D-47A6-8BFE-6770C5FA4682}.Unicode Debug|Win32.ActiveCfg = Unicode Debug|Win32
		{92FB9898-F36D-47A6-8BFE-6770C5FA4682}.Unicode Debug|Win32.Build.0 = Unicode Debug|Win32
		{92FB9898-F36D-47A6-8BFE-6770C5FA4682}.Unicode Release|Win32.ActiveCfg = Unicode Release|Win32
		{92FB9898-F36D-47A6-8BFE-6770C5FA4682}.Unicode Release|Win32.Build.0 = Unicode Release|Win32
		{92FB9898-F36D-47A6-8BFE-6770C5FA4682}.Universal Debug|Win32.ActiveCfg = Universal Debug|Win32
		{92FB9898-F36D-47A6-8BFE-6770C5FA4682}.Universal Debug|Win32.Build.0 = Universal Debug|Win32
		{92FB9898-F36D-47A6-8BFE-6770C5FA4682}.Universal Release|Win32.ActiveCfg = Universal Release|Win32
		{92FB9898-F36D-47A6-8BFE-6770C5FA4682}.Universal Release|Win32.Build.0 = Universal Release|Win32
		{92FB9898-F36D-47A6-8BFE-6770C5FA4682}.Universal Unicode Debug|Win32.ActiveCfg = Universal Unicode Debug|Win32
		{92FB9898-F36D-47A6-8BFE-6770C5FA4682}.Universal Unicode Debug|Win32.Build.0 = Universal Unicode Debug|Win32
		{92FB9898-F36D-47A6-8BFE-6770C5FA4682}.Universal Unicode Release|Win32.ActiveCfg = Universal Unicode Release|Win32
		{92FB9898-F36D-47A6-8BFE-6770C5FA4682}.Universal Unicode Release|Win32.Build.0 = Universal Unicode Release|Win32
	EndGlobalSection
	GlobalSection(SolutionProperties) = preSolution
		HideSolutionNode = FALSE
	EndGlobalSection
EndGlobal
